
Microsoft Visual Studio Solution File, Format Version 12.00
# Visual Studio Version 16
VisualStudioVersion = 16.0.30104.148
MinimumVisualStudioVersion = 10.0.40219.1
Project("{9A19103F-16F7-4668-BE54-9A1E7A4F7556}") = "ExcelUtil", "ExcelUtil\ExcelUtil.csproj", "{4F121C48-57FC-4C89-A84F-7238F26319EF}"
EndProject
Project("{9A19103F-16F7-4668-BE54-9A1E7A4F7556}") = "ExcelUtil.Test", "ExcelUtil.Test\ExcelUtil.Test.csproj", "{54FE12F5-6923-409F-9C48-AEAE5C8397C2}"
EndProject
Project("{FAE04EC0-301F-11D3-BF4B-00C04F79EFBC}") = "core", "core\core.csproj", "{F8CB7532-1FF2-4260-83A5-084F3A641C05}"
EndProject
Global
	GlobalSection(SolutionConfigurationPlatforms) = preSolution
		Debug|Any CPU = Debug|Any CPU
		Release|Any CPU = Release|Any CPU
	EndGlobalSection
	GlobalSection(ProjectConfigurationPlatforms) = postSolution
		{4F121C48-57FC-4C89-A84F-7238F26319EF}.Debug|Any CPU.ActiveCfg = Debug|Any CPU
		{4F121C48-57FC-4C89-A84F-7238F26319EF}.Debug|Any CPU.Build.0 = Debug|Any CPU
		{4F121C48-57FC-4C89-A84F-7238F26319EF}.Release|Any CPU.ActiveCfg = Release|Any CPU
		{4F121C48-57FC-4C89-A84F-7238F26319EF}.Release|Any CPU.Build.0 = Release|Any CPU
		{54FE12F5-6923-409F-9C48-AEAE5C8397C2}.Debug|Any CPU.ActiveCfg = Debug|Any CPU
		{54FE12F5-6923-409F-9C48-AEAE5C8397C2}.Debug|Any CPU.Build.0 = Debug|Any CPU
		{54FE12F5-6923-409F-9C48-AEAE5C8397C2}.Release|Any CPU.ActiveCfg = Release|Any CPU
		{54FE12F5-6923-409F-9C48-AEAE5C8397C2}.Release|Any CPU.Build.0 = Release|Any CPU
		{F8CB7532-1FF2-4260-83A5-084F3A641C05}.Debug|Any CPU.ActiveCfg = Debug|Any CPU
		{F8CB7532-1FF2-4260-83A5-084F3A641C05}.Debug|Any CPU.Build.0 = Debug|Any CPU
		{F8CB7532-1FF2-4260-83A5-084F3A641C05}.Release|Any CPU.ActiveCfg = Release|Any CPU
		{F8CB7532-1FF2-4260-83A5-084F3A641C05}.Release|Any CPU.Build.0 = Release|Any CPU
	EndGlobalSection
	GlobalSection(SolutionProperties) = preSolution
		HideSolutionNode = FALSE
	EndGlobalSection
	GlobalSection(ExtensibilityGlobals) = postSolution
		SolutionGuid = {EC144A29-0C5A-4DD7-A9DD-C7DFF6CD8FEE}
	EndGlobalSection
EndGlobal
